
Microsoft Visual Studio Solution File, Format Version 12.00
# Visual Studio 15
VisualStudioVersion = 15.0.27428.2037
MinimumVisualStudioVersion = 10.0.40219.1
Project("{FAE04EC0-301F-11D3-BF4B-00C04F79EFBC}") = "WebRequestTests", "WebRequestTests\WebRequestTests.csproj", "{E7287960-268B-457E-8024-424FA19B7BD3}"
EndProject
Project("{FAE04EC0-301F-11D3-BF4B-00C04F79EFBC}") = "HttpClientTests", "HttpClientTests\HttpClientTests.csproj", "{4127893A-88D3-4DD4-A5A9-2792462B043A}"
EndProject
Project("{FAE04EC0-301F-11D3-BF4B-00C04F79EFBC}") = "DelayAPI", "DelayAPI\DelayAPI.csproj", "{DB4663CB-BBDD-4B9A-B269-46F6D407B229}"
EndProject
Global
	GlobalSection(SolutionConfigurationPlatforms) = preSolution
		Debug|Any CPU = Debug|Any CPU
		Release|Any CPU = Release|Any CPU
	EndGlobalSection
	GlobalSection(ProjectConfigurationPlatforms) = postSolution
		{E7287960-268B-457E-8024-424FA19B7BD3}.Debug|Any CPU.ActiveCfg = Debug|Any CPU
		{E7287960-268B-457E-8024-424FA19B7BD3}.Debug|Any CPU.Build.0 = Debug|Any CPU
		{E7287960-268B-457E-8024-424FA19B7BD3}.Release|Any CPU.ActiveCfg = Release|Any CPU
		{E7287960-268B-457E-8024-424FA19B7BD3}.Release|Any CPU.Build.0 = Release|Any CPU
		{4127893A-88D3-4DD4-A5A9-2792462B043A}.Debug|Any CPU.ActiveCfg = Debug|Any CPU
		{4127893A-88D3-4DD4-A5A9-2792462B043A}.Debug|Any CPU.Build.0 = Debug|Any CPU
		{4127893A-88D3-4DD4-A5A9-2792462B043A}.Release|Any CPU.ActiveCfg = Release|Any CPU
		{4127893A-88D3-4DD4-A5A9-2792462B043A}.Release|Any CPU.Build.0 = Release|Any CPU
		{DB4663CB-BBDD-4B9A-B269-46F6D407B229}.Debug|Any CPU.ActiveCfg = Debug|Any CPU
		{DB4663CB-BBDD-4B9A-B269-46F6D407B229}.Debug|Any CPU.Build.0 = Debug|Any CPU
		{DB4663CB-BBDD-4B9A-B269-46F6D407B229}.Release|Any CPU.ActiveCfg = Release|Any CPU
		{DB4663CB-BBDD-4B9A-B269-46F6D407B229}.Release|Any CPU.Build.0 = Release|Any CPU
	EndGlobalSection
	GlobalSection(SolutionProperties) = preSolution
		HideSolutionNode = FALSE
	EndGlobalSection
	GlobalSection(ExtensibilityGlobals) = postSolution
		SolutionGuid = {12EFA2AE-9B43-4216-9C37-E74BD0F6D5A7}
	EndGlobalSection
EndGlobal
